
Microsoft Visual Studio Solution File, Format Version 12.00
# Visual Studio Version 17
VisualStudioVersion = 17.0.32014.148
MinimumVisualStudioVersion = 10.0.40219.1
Project("{8BC9CEB8-8B4A-11D0-8D11-00A0C91BC942}") = "jctpv6v3v15x64api", "jctpv6v3v15x64api\jctpv6v3v15x64api.vcxproj", "{4ED19999-F41E-4186-8166-FE1CC6B41358}"
EndProject
Project("{8BC9CEB8-8B4A-11D0-8D11-00A0C91BC942}") = "jctp2miniv1v5x64api", "jctp2miniv1v5x64api\jctp2miniv1v5x64api.vcxproj", "{FF1D55A0-4325-4E6A-9728-4CE914988BD2}"
EndProject
Project("{8BC9CEB8-8B4A-11D0-8D11-00A0C91BC942}") = "jctpv6v3v19t1x64api", "jctpv6v3v19t1x64api\jctpv6v3v19t1x64api.vcxproj", "{B518B972-8DA8-414E-895B-8AFD76F17576}"
EndProject
Project("{8BC9CEB8-8B4A-11D0-8D11-00A0C91BC942}") = "jctpv6v3v19p1x64api", "jctpv6v3v19p1x64api\jctpv6v3v19p1x64api.vcxproj", "{C857368B-5F6B-428A-AFAA-AEA236F87ABB}"
EndProject
Project("{8BC9CEB8-8B4A-11D0-8D11-00A0C91BC942}") = "jctpv6v5v1cpx64api", "jctpv6v5v1cpx64api\jctpv6v5v1cpx64api.vcxproj", "{B5778E07-5684-4E23-B2B7-E777A51383EF}"
EndProject
Project("{8BC9CEB8-8B4A-11D0-8D11-00A0C91BC942}") = "jctpv6v5v1x64api", "jctpv6v5v1x64api\jctpv6v5v1x64api.vcxproj", "{4A9AB0B6-D241-4C86-B9A7-95E313D6C184}"
EndProject
Project("{8BC9CEB8-8B4A-11D0-8D11-00A0C91BC942}") = "jctpv6v6v1p1x64api", "jctpv6v6v1p1x64api\jctpv6v6v1p1x64api.vcxproj", "{817C942A-6400-4245-BEF7-5555B19809F1}"
EndProject
Project("{8BC9CEB8-8B4A-11D0-8D11-00A0C91BC942}") = "jctpv6v6v1p1cpx64api", "jctpv6v6v1p1cpx64api\jctpv6v6v1p1cpx64api.vcxproj", "{C2FE6FC8-9002-491B-BFBC-EF81515E70FD}"
EndProject
Project("{8BC9CEB8-8B4A-11D0-8D11-00A0C91BC942}") = "jctpv6v6v9x64api", "jctpv6v6v9x64api\jctpv6v6v9x64api.vcxproj", "{83F4E715-2BC1-4A0C-904D-E62963237EED}"
EndProject
Project("{8BC9CEB8-8B4A-11D0-8D11-00A0C91BC942}") = "jctpv6v6v9cpx64api", "jctpv6v6v9cpx64api\jctpv6v6v9cpx64api.vcxproj", "{366B7881-3695-47E7-B43F-168D52525416}"
EndProject
Global
	GlobalSection(SolutionConfigurationPlatforms) = preSolution
		Debug|x64 = Debug|x64
		Debug|x86 = Debug|x86
		Release|x64 = Release|x64
		Release|x86 = Release|x86
	EndGlobalSection
	GlobalSection(ProjectConfigurationPlatforms) = postSolution
		{4ED19999-F41E-4186-8166-FE1CC6B41358}.Debug|x64.ActiveCfg = Release|x64
		{4ED19999-F41E-4186-8166-FE1CC6B41358}.Debug|x64.Build.0 = Release|x64
		{4ED19999-F41E-4186-8166-FE1CC6B41358}.Debug|x86.ActiveCfg = Release|x64
		{4ED19999-F41E-4186-8166-FE1CC6B41358}.Debug|x86.Build.0 = Release|x64
		{4ED19999-F41E-4186-8166-FE1CC6B41358}.Release|x64.ActiveCfg = Release|x64
		{4ED19999-F41E-4186-8166-FE1CC6B41358}.Release|x64.Build.0 = Release|x64
		{4ED19999-F41E-4186-8166-FE1CC6B41358}.Release|x86.ActiveCfg = Release|x64
		{4ED19999-F41E-4186-8166-FE1CC6B41358}.Release|x86.Build.0 = Release|x64
		{FF1D55A0-4325-4E6A-9728-4CE914988BD2}.Debug|x64.ActiveCfg = Release|x64
		{FF1D55A0-4325-4E6A-9728-4CE914988BD2}.Debug|x64.Build.0 = Release|x64
		{FF1D55A0-4325-4E6A-9728-4CE914988BD2}.Debug|x86.ActiveCfg = Release|x64
		{FF1D55A0-4325-4E6A-9728-4CE914988BD2}.Debug|x86.Build.0 = Release|x64
		{FF1D55A0-4325-4E6A-9728-4CE914988BD2}.Release|x64.ActiveCfg = Release|x64
		{FF1D55A0-4325-4E6A-9728-4CE914988BD2}.Release|x64.Build.0 = Release|x64
		{FF1D55A0-4325-4E6A-9728-4CE914988BD2}.Release|x86.ActiveCfg = Release|x64
		{FF1D55A0-4325-4E6A-9728-4CE914988BD2}.Release|x86.Build.0 = Release|x64
		{B518B972-8DA8-414E-895B-8AFD76F17576}.Debug|x64.ActiveCfg = Release|x64
		{B518B972-8DA8-414E-895B-8AFD76F17576}.Debug|x64.Build.0 = Release|x64
		{B518B972-8DA8-414E-895B-8AFD76F17576}.Debug|x86.ActiveCfg = Release|x64
		{B518B972-8DA8-414E-895B-8AFD76F17576}.Debug|x86.Build.0 = Release|x64
		{B518B972-8DA8-414E-895B-8AFD76F17576}.Release|x64.ActiveCfg = Release|x64
		{B518B972-8DA8-414E-895B-8AFD76F17576}.Release|x64.Build.0 = Release|x64
		{B518B972-8DA8-414E-895B-8AFD76F17576}.Release|x86.ActiveCfg = Release|x64
		{B518B972-8DA8-414E-895B-8AFD76F17576}.Release|x86.Build.0 = Release|x64
		{C857368B-5F6B-428A-AFAA-AEA236F87ABB}.Debug|x64.ActiveCfg = Release|x64
		{C857368B-5F6B-428A-AFAA-AEA236F87ABB}.Debug|x64.Build.0 = Release|x64
		{C857368B-5F6B-428A-AFAA-AEA236F87ABB}.Debug|x86.ActiveCfg = Release|x64
		{C857368B-5F6B-428A-AFAA-AEA236F87ABB}.Debug|x86.Build.0 = Release|x64
		{C857368B-5F6B-428A-AFAA-AEA236F87ABB}.Release|x64.ActiveCfg = Release|x64
		{C857368B-5F6B-428A-AFAA-AEA236F87ABB}.Release|x64.Build.0 = Release|x64
		{C857368B-5F6B-428A-AFAA-AEA236F87ABB}.Release|x86.ActiveCfg = Release|x64
		{C857368B-5F6B-428A-AFAA-AEA236F87ABB}.Release|x86.Build.0 = Release|x64
		{B5778E07-5684-4E23-B2B7-E777A51383EF}.Debug|x64.ActiveCfg = Release|x64
		{B5778E07-5684-4E23-B2B7-E777A51383EF}.Debug|x64.Build.0 = Release|x64
		{B5778E07-5684-4E23-B2B7-E777A51383EF}.Debug|x86.ActiveCfg = Release|x64
		{B5778E07-5684-4E23-B2B7-E777A51383EF}.Debug|x86.Build.0 = Release|x64
		{B5778E07-5684-4E23-B2B7-E777A51383EF}.Release|x64.ActiveCfg = Release|x64
		{B5778E07-5684-4E23-B2B7-E777A51383EF}.Release|x64.Build.0 = Release|x64
		{B5778E07-5684-4E23-B2B7-E777A51383EF}.Release|x86.ActiveCfg = Release|x64
		{B5778E07-5684-4E23-B2B7-E777A51383EF}.Release|x86.Build.0 = Release|x64
		{4A9AB0B6-D241-4C86-B9A7-95E313D6C184}.Debug|x64.ActiveCfg = Release|x64
		{4A9AB0B6-D241-4C86-B9A7-95E313D6C184}.Debug|x64.Build.0 = Release|x64
		{4A9AB0B6-D241-4C86-B9A7-95E313D6C184}.Debug|x86.ActiveCfg = Release|x64
		{4A9AB0B6-D241-4C86-B9A7-95E313D6C184}.Debug|x86.Build.0 = Release|x64
		{4A9AB0B6-D241-4C86-B9A7-95E313D6C184}.Release|x64.ActiveCfg = Release|x64
		{4A9AB0B6-D241-4C86-B9A7-95E313D6C184}.Release|x64.Build.0 = Release|x64
		{4A9AB0B6-D241-4C86-B9A7-95E313D6C184}.Release|x86.ActiveCfg = Release|x64
		{4A9AB0B6-D241-4C86-B9A7-95E313D6C184}.Release|x86.Build.0 = Release|x64
		{817C942A-6400-4245-BEF7-5555B19809F1}.Debug|x64.ActiveCfg = Release|x64
		{817C942A-6400-4245-BEF7-5555B19809F1}.Debug|x64.Build.0 = Release|x64
		{817C942A-6400-4245-BEF7-5555B19809F1}.Debug|x86.ActiveCfg = Release|x64
		{817C942A-6400-4245-BEF7-5555B19809F1}.Debug|x86.Build.0 = Release|x64
		{817C942A-6400-4245-BEF7-5555B19809F1}.Release|x64.ActiveCfg = Release|x64
		{817C942A-6400-4245-BEF7-5555B19809F1}.Release|x64.Build.0 = Release|x64
		{817C942A-6400-4245-BEF7-5555B19809F1}.Release|x86.ActiveCfg = Release|x64
		{817C942A-6400-4245-BEF7-5555B19809F1}.Release|x86.Build.0 = Release|x64
		{C2FE6FC8-9002-491B-BFBC-EF81515E70FD}.Debug|x64.ActiveCfg = Release|x64
		{C2FE6FC8-9002-491B-BFBC-EF81515E70FD}.Debug|x64.Build.0 = Release|x64
		{C2FE6FC8-9002-491B-BFBC-EF81515E70FD}.Debug|x86.ActiveCfg = Release|x64
		{C2FE6FC8-9002-491B-BFBC-EF81515E70FD}.Debug|x86.Build.0 = Release|x64
		{C2FE6FC8-9002-491B-BFBC-EF81515E70FD}.Release|x64.ActiveCfg = Release|x64
		{C2FE6FC8-9002-491B-BFBC-EF81515E70FD}.Release|x64.Build.0 = Release|x64
		{C2FE6FC8-9002-491B-BFBC-EF81515E70FD}.Release|x86.ActiveCfg = Release|x64
		{C2FE6FC8-9002-491B-BFBC-EF81515E70FD}.Release|x86.Build.0 = Release|x64
		{83F4E715-2BC1-4A0C-904D-E62963237EED}.Debug|x64.ActiveCfg = Debug|x64
		{83F4E715-2BC1-4A0C-904D-E62963237EED}.Debug|x64.Build.0 = Debug|x64
		{83F4E715-2BC1-4A0C-904D-E62963237EED}.Debug|x86.ActiveCfg = Debug|Win32
		{83F4E715-2BC1-4A0C-904D-E62963237EED}.Debug|x86.Build.0 = Debug|Win32
		{83F4E715-2BC1-4A0C-904D-E62963237EED}.Release|x64.ActiveCfg = Release|x64
		{83F4E715-2BC1-4A0C-904D-E62963237EED}.Release|x64.Build.0 = Release|x64
		{83F4E715-2BC1-4A0C-904D-E62963237EED}.Release|x86.ActiveCfg = Release|Win32
		{83F4E715-2BC1-4A0C-904D-E62963237EED}.Release|x86.Build.0 = Release|Win32
		{366B7881-3695-47E7-B43F-168D52525416}.Debug|x64.ActiveCfg = Debug|x64
		{366B7881-3695-47E7-B43F-168D52525416}.Debug|x64.Build.0 = Debug|x64
		{366B7881-3695-47E7-B43F-168D52525416}.Debug|x86.ActiveCfg = Debug|Win32
		{366B7881-3695-47E7-B43F-168D52525416}.Debug|x86.Build.0 = Debug|Win32
		{366B7881-3695-47E7-B43F-168D52525416}.Release|x64.ActiveCfg = Release|x64
		{366B7881-3695-47E7-B43F-168D52525416}.Release|x64.Build.0 = Release|x64
		{366B7881-3695-47E7-B43F-168D52525416}.Release|x86.ActiveCfg = Release|Win32
		{366B7881-3695-47E7-B43F-168D52525416}.Release|x86.Build.0 = Release|Win32
	EndGlobalSection
	GlobalSection(SolutionProperties) = preSolution
		HideSolutionNode = FALSE
	EndGlobalSection
	GlobalSection(ExtensibilityGlobals) = postSolution
		SolutionGuid = {EADF4EA2-94B7-479D-8657-1D6ABD1095E7}
	EndGlobalSection
EndGlobal
